// !$*UTF8*$!
{
	archiveVersion = 1;
	classes = {
	};
	objectVersion = 46;
	objects = {

/* Begin PBXBuildFile section */
		4B90C8F720835A3CACB5692F /* Pods_FRadioPlayer_ios.framework in Frameworks */ = {isa = PBXBuildFile; fileRef = EFC9F9BC32350C69D791241A /* Pods_FRadioPlayer_ios.framework */; };
		53E4CEB02581A6720026AB0F /* StateView.swift in Sources */ = {isa = PBXBuildFile; fileRef = 53E4CEAF2581A6720026AB0F /* StateView.swift */; };
		607FACD61AFB9204008FA782 /* AppDelegate.swift in Sources */ = {isa = PBXBuildFile; fileRef = 607FACD51AFB9204008FA782 /* AppDelegate.swift */; };
		607FACDD1AFB9204008FA782 /* Images.xcassets in Resources */ = {isa = PBXBuildFile; fileRef = 607FACDC1AFB9204008FA782 /* Images.xcassets */; };
		607FACE01AFB9204008FA782 /* LaunchScreen.xib in Resources */ = {isa = PBXBuildFile; fileRef = 607FACDE1AFB9204008FA782 /* LaunchScreen.xib */; };
		607FACEC1AFB9204008FA782 /* Tests.swift in Sources */ = {isa = PBXBuildFile; fileRef = 607FACEB1AFB9204008FA782 /* Tests.swift */; };
		63DB6C1C8C04A4A14122C34A /* Pods_FRadioPlayer_SwiftUI.framework in Frameworks */ = {isa = PBXBuildFile; fileRef = 2CC9F409D9222F0F9356B488 /* Pods_FRadioPlayer_SwiftUI.framework */; };
		6521C887257D4CB800E80317 /* FRadioPlayer_SwiftUIApp.swift in Sources */ = {isa = PBXBuildFile; fileRef = 6521C886257D4CB800E80317 /* FRadioPlayer_SwiftUIApp.swift */; };
		6521C889257D4CB800E80317 /* ContentView.swift in Sources */ = {isa = PBXBuildFile; fileRef = 6521C888257D4CB800E80317 /* ContentView.swift */; };
		6521C88B257D4CBA00E80317 /* Assets.xcassets in Resources */ = {isa = PBXBuildFile; fileRef = 6521C88A257D4CBA00E80317 /* Assets.xcassets */; };
		6521C88E257D4CBA00E80317 /* Preview Assets.xcassets in Resources */ = {isa = PBXBuildFile; fileRef = 6521C88D257D4CBA00E80317 /* Preview Assets.xcassets */; };
		6521C89E257D4E5D00E80317 /* StationsListView.swift in Sources */ = {isa = PBXBuildFile; fileRef = 6521C89D257D4E5D00E80317 /* StationsListView.swift */; };
		6521C8A5257D4E8C00E80317 /* NowPlayingView.swift in Sources */ = {isa = PBXBuildFile; fileRef = 6521C8A4257D4E8C00E80317 /* NowPlayingView.swift */; };
		6521C8AC257D4EA900E80317 /* TabIconsView.swift in Sources */ = {isa = PBXBuildFile; fileRef = 6521C8AB257D4EA900E80317 /* TabIconsView.swift */; };
		6521C8B3257D4ED000E80317 /* AirPlayView.swift in Sources */ = {isa = PBXBuildFile; fileRef = 6521C8B2257D4ED000E80317 /* AirPlayView.swift */; };
		6521C8CC257D506B00E80317 /* Station.swift in Sources */ = {isa = PBXBuildFile; fileRef = CAE63D531FD4915300281653 /* Station.swift */; };
		6521C8D2257D506E00E80317 /* Track.swift in Sources */ = {isa = PBXBuildFile; fileRef = CAE63D541FD4915300281653 /* Track.swift */; };
		65347D38257D6DEC00DDE1C9 /* NowPlayingSplitView.swift in Sources */ = {isa = PBXBuildFile; fileRef = 65347D37257D6DEC00DDE1C9 /* NowPlayingSplitView.swift */; };
		65347D3E257D71FC00DDE1C9 /* LaunchScreen.xib in Resources */ = {isa = PBXBuildFile; fileRef = 607FACDE1AFB9204008FA782 /* LaunchScreen.xib */; };
		7EF0C0F4FF113BB6A81B4614 /* Pods_FRadioPlayer_ios_FRadioPlayer_Tests.framework in Frameworks */ = {isa = PBXBuildFile; fileRef = AB5F3480523C15D4AEEB2742 /* Pods_FRadioPlayer_ios_FRadioPlayer_Tests.framework */; };
		9DE1D4542B8F51889191A76C /* Pods_FRadioPlayer_tvOS.framework in Frameworks */ = {isa = PBXBuildFile; fileRef = 7A5988E8C2E73F5A5DD5D873 /* Pods_FRadioPlayer_tvOS.framework */; };
		B8D0FE5121B17D47005B64DF /* AppDelegate.swift in Sources */ = {isa = PBXBuildFile; fileRef = B8D0FE5021B17D47005B64DF /* AppDelegate.swift */; };
		B8D0FE5321B17D47005B64DF /* ViewController.swift in Sources */ = {isa = PBXBuildFile; fileRef = B8D0FE5221B17D47005B64DF /* ViewController.swift */; };
		B8D0FE5621B17D47005B64DF /* Main.storyboard in Resources */ = {isa = PBXBuildFile; fileRef = B8D0FE5421B17D47005B64DF /* Main.storyboard */; };
		B8D0FE5821B17D49005B64DF /* Assets.xcassets in Resources */ = {isa = PBXBuildFile; fileRef = B8D0FE5721B17D49005B64DF /* Assets.xcassets */; };
		B8D0FE5D21B17DD6005B64DF /* Track.swift in Sources */ = {isa = PBXBuildFile; fileRef = CAE63D541FD4915300281653 /* Track.swift */; };
		B8D0FE5E21B17DD9005B64DF /* Station.swift in Sources */ = {isa = PBXBuildFile; fileRef = CAE63D531FD4915300281653 /* Station.swift */; };
		CAE63D501FD4910000281653 /* ViewController.swift in Sources */ = {isa = PBXBuildFile; fileRef = CAE63D4F1FD4910000281653 /* ViewController.swift */; };
		CAE63D521FD4912000281653 /* Main.storyboard in Resources */ = {isa = PBXBuildFile; fileRef = CAE63D511FD4912000281653 /* Main.storyboard */; };
		CAE63D551FD4915300281653 /* Station.swift in Sources */ = {isa = PBXBuildFile; fileRef = CAE63D531FD4915300281653 /* Station.swift */; };
		CAE63D561FD4915300281653 /* Track.swift in Sources */ = {isa = PBXBuildFile; fileRef = CAE63D541FD4915300281653 /* Track.swift */; };
		DB83CC82324A74E106243AA1 /* Pods_FRadioPlayer_mac.framework in Frameworks */ = {isa = PBXBuildFile; fileRef = 5E0C0BD81D65DF86F8BE706C /* Pods_FRadioPlayer_mac.framework */; };
		FAE5E44121AC6CD3003F96DB /* AppDelegate.swift in Sources */ = {isa = PBXBuildFile; fileRef = FAE5E44021AC6CD3003F96DB /* AppDelegate.swift */; };
		FAE5E44321AC6CD3003F96DB /* ViewController.swift in Sources */ = {isa = PBXBuildFile; fileRef = FAE5E44221AC6CD3003F96DB /* ViewController.swift */; };
		FAE5E44521AC6CD4003F96DB /* Assets.xcassets in Resources */ = {isa = PBXBuildFile; fileRef = FAE5E44421AC6CD4003F96DB /* Assets.xcassets */; };
		FAE5E44821AC6CD4003F96DB /* Main.storyboard in Resources */ = {isa = PBXBuildFile; fileRef = FAE5E44621AC6CD4003F96DB /* Main.storyboard */; };
		FAE5E45421AC76AA003F96DB /* Track.swift in Sources */ = {isa = PBXBuildFile; fileRef = CAE63D541FD4915300281653 /* Track.swift */; };
		FAE5E45521AC76AE003F96DB /* Station.swift in Sources */ = {isa = PBXBuildFile; fileRef = CAE63D531FD4915300281653 /* Station.swift */; };
/* End PBXBuildFile section */

/* Begin PBXContainerItemProxy section */
		607FACE61AFB9204008FA782 /* PBXContainerItemProxy */ = {
			isa = PBXContainerItemProxy;
			containerPortal = 607FACC81AFB9204008FA782 /* Project object */;
			proxyType = 1;
			remoteGlobalIDString = 607FACCF1AFB9204008FA782;
			remoteInfo = FRadioPlayer;
		};
/* End PBXContainerItemProxy section */

/* Begin PBXFileReference section */
		10B578434A03FE51AE221D8A /* Pods-FRadioPlayer_mac.release.xcconfig */ = {isa = PBXFileReference; includeInIndex = 1; lastKnownFileType = text.xcconfig; name = "Pods-FRadioPlayer_mac.release.xcconfig"; path = "Pods/Target Support Files/Pods-FRadioPlayer_mac/Pods-FRadioPlayer_mac.release.xcconfig"; sourceTree = "<group>"; };
		257B5148ADFF316304B18077 /* Pods-FRadioPlayer_tvOS.release.xcconfig */ = {isa = PBXFileReference; includeInIndex = 1; lastKnownFileType = text.xcconfig; name = "Pods-FRadioPlayer_tvOS.release.xcconfig"; path = "Pods/Target Support Files/Pods-FRadioPlayer_tvOS/Pods-FRadioPlayer_tvOS.release.xcconfig"; sourceTree = "<group>"; };
		2A8F19185E3807164EC6516A /* Pods-FRadioPlayer_SwiftUI.debug.xcconfig */ = {isa = PBXFileReference; includeInIndex = 1; lastKnownFileType = text.xcconfig; name = "Pods-FRadioPlayer_SwiftUI.debug.xcconfig"; path = "Pods/Target Support Files/Pods-FRadioPlayer_SwiftUI/Pods-FRadioPlayer_SwiftUI.debug.xcconfig"; sourceTree = "<group>"; };
		2CC9F409D9222F0F9356B488 /* Pods_FRadioPlayer_SwiftUI.framework */ = {isa = PBXFileReference; explicitFileType = wrapper.framework; includeInIndex = 0; path = Pods_FRadioPlayer_SwiftUI.framework; sourceTree = BUILT_PRODUCTS_DIR; };
		412A9F8B5D5E4B4705AE9F0E /* Pods-FRadioPlayer_ios.debug.xcconfig */ = {isa = PBXFileReference; includeInIndex = 1; lastKnownFileType = text.xcconfig; name = "Pods-FRadioPlayer_ios.debug.xcconfig"; path = "Pods/Target Support Files/Pods-FRadioPlayer_ios/Pods-FRadioPlayer_ios.debug.xcconfig"; sourceTree = "<group>"; };
		53E4CEAF2581A6720026AB0F /* StateView.swift */ = {isa = PBXFileReference; lastKnownFileType = sourcecode.swift; path = StateView.swift; sourceTree = "<group>"; };
		5E0C0BD81D65DF86F8BE706C /* Pods_FRadioPlayer_mac.framework */ = {isa = PBXFileReference; explicitFileType = wrapper.framework; includeInIndex = 0; path = Pods_FRadioPlayer_mac.framework; sourceTree = BUILT_PRODUCTS_DIR; };
		607FACD01AFB9204008FA782 /* FRadioPlayer_ios.app */ = {isa = PBXFileReference; explicitFileType = wrapper.application; includeInIndex = 0; path = FRadioPlayer_ios.app; sourceTree = BUILT_PRODUCTS_DIR; };
		607FACD41AFB9204008FA782 /* Info.plist */ = {isa = PBXFileReference; lastKnownFileType = text.plist.xml; path = Info.plist; sourceTree = "<group>"; };
		607FACD51AFB9204008FA782 /* AppDelegate.swift */ = {isa = PBXFileReference; lastKnownFileType = sourcecode.swift; path = AppDelegate.swift; sourceTree = "<group>"; };
		607FACDC1AFB9204008FA782 /* Images.xcassets */ = {isa = PBXFileReference; lastKnownFileType = folder.assetcatalog; path = Images.xcassets; sourceTree = "<group>"; };
		607FACDF1AFB9204008FA782 /* Base */ = {isa = PBXFileReference; lastKnownFileType = file.xib; name = Base; path = Base.lproj/LaunchScreen.xib; sourceTree = "<group>"; };
		607FACE51AFB9204008FA782 /* FRadioPlayer_Tests.xctest */ = {isa = PBXFileReference; explicitFileType = wrapper.cfbundle; includeInIndex = 0; path = FRadioPlayer_Tests.xctest; sourceTree = BUILT_PRODUCTS_DIR; };
		607FACEA1AFB9204008FA782 /* Info.plist */ = {isa = PBXFileReference; lastKnownFileType = text.plist.xml; path = Info.plist; sourceTree = "<group>"; };
		607FACEB1AFB9204008FA782 /* Tests.swift */ = {isa = PBXFileReference; lastKnownFileType = sourcecode.swift; path = Tests.swift; sourceTree = "<group>"; };
		612EF1D0B96E8B922E04963F /* Pods-FRadioPlayer_ios.release.xcconfig */ = {isa = PBXFileReference; includeInIndex = 1; lastKnownFileType = text.xcconfig; name = "Pods-FRadioPlayer_ios.release.xcconfig"; path = "Pods/Target Support Files/Pods-FRadioPlayer_ios/Pods-FRadioPlayer_ios.release.xcconfig"; sourceTree = "<group>"; };
		6521C884257D4CB800E80317 /* FRadioPlayer_SwiftUI.app */ = {isa = PBXFileReference; explicitFileType = wrapper.application; includeInIndex = 0; path = FRadioPlayer_SwiftUI.app; sourceTree = BUILT_PRODUCTS_DIR; };
		6521C886257D4CB800E80317 /* FRadioPlayer_SwiftUIApp.swift */ = {isa = PBXFileReference; lastKnownFileType = sourcecode.swift; path = FRadioPlayer_SwiftUIApp.swift; sourceTree = "<group>"; };
		6521C888257D4CB800E80317 /* ContentView.swift */ = {isa = PBXFileReference; lastKnownFileType = sourcecode.swift; path = ContentView.swift; sourceTree = "<group>"; };
		6521C88A257D4CBA00E80317 /* Assets.xcassets */ = {isa = PBXFileReference; lastKnownFileType = folder.assetcatalog; path = Assets.xcassets; sourceTree = "<group>"; };
		6521C88D257D4CBA00E80317 /* Preview Assets.xcassets */ = {isa = PBXFileReference; lastKnownFileType = folder.assetcatalog; path = "Preview Assets.xcassets"; sourceTree = "<group>"; };
		6521C88F257D4CBA00E80317 /* Info.plist */ = {isa = PBXFileReference; lastKnownFileType = text.plist.xml; path = Info.plist; sourceTree = "<group>"; };
		6521C89D257D4E5D00E80317 /* StationsListView.swift */ = {isa = PBXFileReference; lastKnownFileType = sourcecode.swift; path = StationsListView.swift; sourceTree = "<group>"; };
		6521C8A4257D4E8C00E80317 /* NowPlayingView.swift */ = {isa = PBXFileReference; lastKnownFileType = sourcecode.swift; path = NowPlayingView.swift; sourceTree = "<group>"; };
		6521C8AB257D4EA900E80317 /* TabIconsView.swift */ = {isa = PBXFileReference; lastKnownFileType = sourcecode.swift; path = TabIconsView.swift; sourceTree = "<group>"; };
		6521C8B2257D4ED000E80317 /* AirPlayView.swift */ = {isa = PBXFileReference; lastKnownFileType = sourcecode.swift; path = AirPlayView.swift; sourceTree = "<group>"; };
		65347D37257D6DEC00DDE1C9 /* NowPlayingSplitView.swift */ = {isa = PBXFileReference; lastKnownFileType = sourcecode.swift; path = NowPlayingSplitView.swift; sourceTree = "<group>"; };
		655FC62D257D59A900867676 /* FRadioPlayer_SwiftUI.entitlements */ = {isa = PBXFileReference; lastKnownFileType = text.plist.entitlements; path = FRadioPlayer_SwiftUI.entitlements; sourceTree = "<group>"; };
		6FD964ADEBDFA118738E9D9B /* Pods-FRadioPlayer_ios-FRadioPlayer_Tests.debug.xcconfig */ = {isa = PBXFileReference; includeInIndex = 1; lastKnownFileType = text.xcconfig; name = "Pods-FRadioPlayer_ios-FRadioPlayer_Tests.debug.xcconfig"; path = "Pods/Target Support Files/Pods-FRadioPlayer_ios-FRadioPlayer_Tests/Pods-FRadioPlayer_ios-FRadioPlayer_Tests.debug.xcconfig"; sourceTree = "<group>"; };
		733A31C2D8DBB7FB9D433453 /* Pods-FRadioPlayer_Tests.release.xcconfig */ = {isa = PBXFileReference; includeInIndex = 1; lastKnownFileType = text.xcconfig; name = "Pods-FRadioPlayer_Tests.release.xcconfig"; path = "Pods/Target Support Files/Pods-FRadioPlayer_Tests/Pods-FRadioPlayer_Tests.release.xcconfig"; sourceTree = "<group>"; };
		741614D8D15537554278BF0D /* Pods-FRadioPlayer_SwiftUI.release.xcconfig */ = {isa = PBXFileReference; includeInIndex = 1; lastKnownFileType = text.xcconfig; name = "Pods-FRadioPlayer_SwiftUI.release.xcconfig"; path = "Pods/Target Support Files/Pods-FRadioPlayer_SwiftUI/Pods-FRadioPlayer_SwiftUI.release.xcconfig"; sourceTree = "<group>"; };
		7A5988E8C2E73F5A5DD5D873 /* Pods_FRadioPlayer_tvOS.framework */ = {isa = PBXFileReference; explicitFileType = wrapper.framework; includeInIndex = 0; path = Pods_FRadioPlayer_tvOS.framework; sourceTree = BUILT_PRODUCTS_DIR; };
		7B59F870E46427A37B5A6185 /* FRadioPlayer.podspec */ = {isa = PBXFileReference; includeInIndex = 1; lastKnownFileType = text; name = FRadioPlayer.podspec; path = ../FRadioPlayer.podspec; sourceTree = "<group>"; };
		93384C18F68BA278DC1055A8 /* Pods_FRadioPlayer_Example.framework */ = {isa = PBXFileReference; explicitFileType = wrapper.framework; includeInIndex = 0; path = Pods_FRadioPlayer_Example.framework; sourceTree = BUILT_PRODUCTS_DIR; };
		AB5F3480523C15D4AEEB2742 /* Pods_FRadioPlayer_ios_FRadioPlayer_Tests.framework */ = {isa = PBXFileReference; explicitFileType = wrapper.framework; includeInIndex = 0; path = Pods_FRadioPlayer_ios_FRadioPlayer_Tests.framework; sourceTree = BUILT_PRODUCTS_DIR; };
		ADC0D107E336293D60827BCD /* Pods-FRadioPlayer_Tests.debug.xcconfig */ = {isa = PBXFileReference; includeInIndex = 1; lastKnownFileType = text.xcconfig; name = "Pods-FRadioPlayer_Tests.debug.xcconfig"; path = "Pods/Target Support Files/Pods-FRadioPlayer_Tests/Pods-FRadioPlayer_Tests.debug.xcconfig"; sourceTree = "<group>"; };
		B8D0FE4E21B17D47005B64DF /* FRadioPlayer_tvOS.app */ = {isa = PBXFileReference; explicitFileType = wrapper.application; includeInIndex = 0; path = FRadioPlayer_tvOS.app; sourceTree = BUILT_PRODUCTS_DIR; };
		B8D0FE5021B17D47005B64DF /* AppDelegate.swift */ = {isa = PBXFileReference; lastKnownFileType = sourcecode.swift; path = AppDelegate.swift; sourceTree = "<group>"; };
		B8D0FE5221B17D47005B64DF /* ViewController.swift */ = {isa = PBXFileReference; lastKnownFileType = sourcecode.swift; path = ViewController.swift; sourceTree = "<group>"; };
		B8D0FE5521B17D47005B64DF /* Base */ = {isa = PBXFileReference; lastKnownFileType = file.storyboard; name = Base; path = Base.lproj/Main.storyboard; sourceTree = "<group>"; };
		B8D0FE5721B17D49005B64DF /* Assets.xcassets */ = {isa = PBXFileReference; lastKnownFileType = folder.assetcatalog; path = Assets.xcassets; sourceTree = "<group>"; };
		B8D0FE5921B17D49005B64DF /* Info.plist */ = {isa = PBXFileReference; lastKnownFileType = text.plist.xml; path = Info.plist; sourceTree = "<group>"; };
		B9443D8603AB2AE7F9D587B2 /* LICENSE */ = {isa = PBXFileReference; includeInIndex = 1; lastKnownFileType = text; name = LICENSE; path = ../LICENSE; sourceTree = "<group>"; };
		BC2AE6470A4C0BE46711D9AF /* Pods-FRadioPlayer_mac.debug.xcconfig */ = {isa = PBXFileReference; includeInIndex = 1; lastKnownFileType = text.xcconfig; name = "Pods-FRadioPlayer_mac.debug.xcconfig"; path = "Pods/Target Support Files/Pods-FRadioPlayer_mac/Pods-FRadioPlayer_mac.debug.xcconfig"; sourceTree = "<group>"; };
		C4CDACDB88A2BE0BBCA28002 /* Pods-FRadioPlayer_ios-FRadioPlayer_Tests.release.xcconfig */ = {isa = PBXFileReference; includeInIndex = 1; lastKnownFileType = text.xcconfig; name = "Pods-FRadioPlayer_ios-FRadioPlayer_Tests.release.xcconfig"; path = "Pods/Target Support Files/Pods-FRadioPlayer_ios-FRadioPlayer_Tests/Pods-FRadioPlayer_ios-FRadioPlayer_Tests.release.xcconfig"; sourceTree = "<group>"; };
		CAE63D4F1FD4910000281653 /* ViewController.swift */ = {isa = PBXFileReference; fileEncoding = 4; lastKnownFileType = sourcecode.swift; path = ViewController.swift; sourceTree = "<group>"; };
		CAE63D511FD4912000281653 /* Main.storyboard */ = {isa = PBXFileReference; fileEncoding = 4; lastKnownFileType = file.storyboard; path = Main.storyboard; sourceTree = "<group>"; };
		CAE63D531FD4915300281653 /* Station.swift */ = {isa = PBXFileReference; fileEncoding = 4; lastKnownFileType = sourcecode.swift; path = Station.swift; sourceTree = "<group>"; };
		CAE63D541FD4915300281653 /* Track.swift */ = {isa = PBXFileReference; fileEncoding = 4; lastKnownFileType = sourcecode.swift; path = Track.swift; sourceTree = "<group>"; };
		CBB7FF2C424962201E0CE53E /* Pods-FRadioPlayer_Example.release.xcconfig */ = {isa = PBXFileReference; includeInIndex = 1; lastKnownFileType = text.xcconfig; name = "Pods-FRadioPlayer_Example.release.xcconfig"; path = "Pods/Target Support Files/Pods-FRadioPlayer_Example/Pods-FRadioPlayer_Example.release.xcconfig"; sourceTree = "<group>"; };
		DC11A056E5D4F1B69F9ABE88 /* Pods-FRadioPlayer_tvOS.debug.xcconfig */ = {isa = PBXFileReference; includeInIndex = 1; lastKnownFileType = text.xcconfig; name = "Pods-FRadioPlayer_tvOS.debug.xcconfig"; path = "Pods/Target Support Files/Pods-FRadioPlayer_tvOS/Pods-FRadioPlayer_tvOS.debug.xcconfig"; sourceTree = "<group>"; };
		E3AF3BE5D28A2EC29DE30915 /* Pods-FRadioPlayer_Example.debug.xcconfig */ = {isa = PBXFileReference; includeInIndex = 1; lastKnownFileType = text.xcconfig; name = "Pods-FRadioPlayer_Example.debug.xcconfig"; path = "Pods/Target Support Files/Pods-FRadioPlayer_Example/Pods-FRadioPlayer_Example.debug.xcconfig"; sourceTree = "<group>"; };
		EBF1979AC9525CAB6AC3701A /* README.md */ = {isa = PBXFileReference; includeInIndex = 1; lastKnownFileType = net.daringfireball.markdown; name = README.md; path = ../README.md; sourceTree = "<group>"; };
		EFC9F9BC32350C69D791241A /* Pods_FRadioPlayer_ios.framework */ = {isa = PBXFileReference; explicitFileType = wrapper.framework; includeInIndex = 0; path = Pods_FRadioPlayer_ios.framework; sourceTree = BUILT_PRODUCTS_DIR; };
		FAE5E43E21AC6CD3003F96DB /* FRadioPlayer_mac.app */ = {isa = PBXFileReference; explicitFileType = wrapper.application; includeInIndex = 0; path = FRadioPlayer_mac.app; sourceTree = BUILT_PRODUCTS_DIR; };
		FAE5E44021AC6CD3003F96DB /* AppDelegate.swift */ = {isa = PBXFileReference; lastKnownFileType = sourcecode.swift; path = AppDelegate.swift; sourceTree = "<group>"; };
		FAE5E44221AC6CD3003F96DB /* ViewController.swift */ = {isa = PBXFileReference; lastKnownFileType = sourcecode.swift; path = ViewController.swift; sourceTree = "<group>"; };
		FAE5E44421AC6CD4003F96DB /* Assets.xcassets */ = {isa = PBXFileReference; lastKnownFileType = folder.assetcatalog; path = Assets.xcassets; sourceTree = "<group>"; };
		FAE5E44721AC6CD4003F96DB /* Base */ = {isa = PBXFileReference; lastKnownFileType = file.storyboard; name = Base; path = Base.lproj/Main.storyboard; sourceTree = "<group>"; };
		FAE5E44921AC6CD4003F96DB /* Info.plist */ = {isa = PBXFileReference; lastKnownFileType = text.plist.xml; path = Info.plist; sourceTree = "<group>"; };
		FAE5E44A21AC6CD4003F96DB /* FRadioPlayer_mac.entitlements */ = {isa = PBXFileReference; lastKnownFileType = text.plist.entitlements; path = FRadioPlayer_mac.entitlements; sourceTree = "<group>"; };
/* End PBXFileReference section */

/* Begin PBXFrameworksBuildPhase section */
		607FACCD1AFB9204008FA782 /* Frameworks */ = {
			isa = PBXFrameworksBuildPhase;
			buildActionMask = 2147483647;
			files = (
				4B90C8F720835A3CACB5692F /* Pods_FRadioPlayer_ios.framework in Frameworks */,
			);
			runOnlyForDeploymentPostprocessing = 0;
		};
		607FACE21AFB9204008FA782 /* Frameworks */ = {
			isa = PBXFrameworksBuildPhase;
			buildActionMask = 2147483647;
			files = (
				7EF0C0F4FF113BB6A81B4614 /* Pods_FRadioPlayer_ios_FRadioPlayer_Tests.framework in Frameworks */,
			);
			runOnlyForDeploymentPostprocessing = 0;
		};
		6521C881257D4CB800E80317 /* Frameworks */ = {
			isa = PBXFrameworksBuildPhase;
			buildActionMask = 2147483647;
			files = (
				63DB6C1C8C04A4A14122C34A /* Pods_FRadioPlayer_SwiftUI.framework in Frameworks */,
			);
			runOnlyForDeploymentPostprocessing = 0;
		};
		B8D0FE4B21B17D47005B64DF /* Frameworks */ = {
			isa = PBXFrameworksBuildPhase;
			buildActionMask = 2147483647;
			files = (
				9DE1D4542B8F51889191A76C /* Pods_FRadioPlayer_tvOS.framework in Frameworks */,
			);
			runOnlyForDeploymentPostprocessing = 0;
		};
		FAE5E43B21AC6CD3003F96DB /* Frameworks */ = {
			isa = PBXFrameworksBuildPhase;
			buildActionMask = 2147483647;
			files = (
				DB83CC82324A74E106243AA1 /* Pods_FRadioPlayer_mac.framework in Frameworks */,
			);
			runOnlyForDeploymentPostprocessing = 0;
		};
/* End PBXFrameworksBuildPhase section */

/* Begin PBXGroup section */
		607FACC71AFB9204008FA782 = {
			isa = PBXGroup;
			children = (
				FAE5E45021AC74A3003F96DB /* Shared */,
				607FACF51AFB993E008FA782 /* Podspec Metadata */,
				607FACD21AFB9204008FA782 /* FRadioPlayer_ios */,
				607FACE81AFB9204008FA782 /* Tests */,
				FAE5E43F21AC6CD3003F96DB /* FRadioPlayer_mac */,
				B8D0FE4F21B17D47005B64DF /* FRadioPlayer_tvOS */,
				6521C885257D4CB800E80317 /* FRadioPlayer_SwiftUI */,
				607FACD11AFB9204008FA782 /* Products */,
				C9185C99D475B3E726EF3DE3 /* Pods */,
				9C8AF1F1615EA645852C39CC /* Frameworks */,
			);
			sourceTree = "<group>";
		};
		607FACD11AFB9204008FA782 /* Products */ = {
			isa = PBXGroup;
			children = (
				607FACD01AFB9204008FA782 /* FRadioPlayer_ios.app */,
				607FACE51AFB9204008FA782 /* FRadioPlayer_Tests.xctest */,
				FAE5E43E21AC6CD3003F96DB /* FRadioPlayer_mac.app */,
				B8D0FE4E21B17D47005B64DF /* FRadioPlayer_tvOS.app */,
				6521C884257D4CB800E80317 /* FRadioPlayer_SwiftUI.app */,
			);
			name = Products;
			sourceTree = "<group>";
		};
		607FACD21AFB9204008FA782 /* FRadioPlayer_ios */ = {
			isa = PBXGroup;
			children = (
				CAE63D4F1FD4910000281653 /* ViewController.swift */,
				607FACD51AFB9204008FA782 /* AppDelegate.swift */,
				CAE63D511FD4912000281653 /* Main.storyboard */,
				607FACDC1AFB9204008FA782 /* Images.xcassets */,
				607FACDE1AFB9204008FA782 /* LaunchScreen.xib */,
				607FACD31AFB9204008FA782 /* Supporting Files */,
			);
			name = FRadioPlayer_ios;
			path = FRadioPlayer;
			sourceTree = "<group>";
		};
		607FACD31AFB9204008FA782 /* Supporting Files */ = {
			isa = PBXGroup;
			children = (
				607FACD41AFB9204008FA782 /* Info.plist */,
			);
			name = "Supporting Files";
			sourceTree = "<group>";
		};
		607FACE81AFB9204008FA782 /* Tests */ = {
			isa = PBXGroup;
			children = (
				607FACEB1AFB9204008FA782 /* Tests.swift */,
				607FACE91AFB9204008FA782 /* Supporting Files */,
			);
			path = Tests;
			sourceTree = "<group>";
		};
		607FACE91AFB9204008FA782 /* Supporting Files */ = {
			isa = PBXGroup;
			children = (
				607FACEA1AFB9204008FA782 /* Info.plist */,
			);
			name = "Supporting Files";
			sourceTree = "<group>";
		};
		607FACF51AFB993E008FA782 /* Podspec Metadata */ = {
			isa = PBXGroup;
			children = (
				7B59F870E46427A37B5A6185 /* FRadioPlayer.podspec */,
				EBF1979AC9525CAB6AC3701A /* README.md */,
				B9443D8603AB2AE7F9D587B2 /* LICENSE */,
			);
			name = "Podspec Metadata";
			sourceTree = "<group>";
		};
		6521C885257D4CB800E80317 /* FRadioPlayer_SwiftUI */ = {
			isa = PBXGroup;
			children = (
				655FC62D257D59A900867676 /* FRadioPlayer_SwiftUI.entitlements */,
				6521C886257D4CB800E80317 /* FRadioPlayer_SwiftUIApp.swift */,
				6521C888257D4CB800E80317 /* ContentView.swift */,
				6521C89D257D4E5D00E80317 /* StationsListView.swift */,
				6521C8A4257D4E8C00E80317 /* NowPlayingView.swift */,
				65347D37257D6DEC00DDE1C9 /* NowPlayingSplitView.swift */,
				6521C8AB257D4EA900E80317 /* TabIconsView.swift */,
				6521C8B2257D4ED000E80317 /* AirPlayView.swift */,
				53E4CEAF2581A6720026AB0F /* StateView.swift */,
				6521C88A257D4CBA00E80317 /* Assets.xcassets */,
				6521C88F257D4CBA00E80317 /* Info.plist */,
				6521C88C257D4CBA00E80317 /* Preview Content */,
			);
			path = FRadioPlayer_SwiftUI;
			sourceTree = "<group>";
		};
		6521C88C257D4CBA00E80317 /* Preview Content */ = {
			isa = PBXGroup;
			children = (
				6521C88D257D4CBA00E80317 /* Preview Assets.xcassets */,
			);
			path = "Preview Content";
			sourceTree = "<group>";
		};
		9C8AF1F1615EA645852C39CC /* Frameworks */ = {
			isa = PBXGroup;
			children = (
				93384C18F68BA278DC1055A8 /* Pods_FRadioPlayer_Example.framework */,
				EFC9F9BC32350C69D791241A /* Pods_FRadioPlayer_ios.framework */,
				5E0C0BD81D65DF86F8BE706C /* Pods_FRadioPlayer_mac.framework */,
				7A5988E8C2E73F5A5DD5D873 /* Pods_FRadioPlayer_tvOS.framework */,
				2CC9F409D9222F0F9356B488 /* Pods_FRadioPlayer_SwiftUI.framework */,
				AB5F3480523C15D4AEEB2742 /* Pods_FRadioPlayer_ios_FRadioPlayer_Tests.framework */,
			);
			name = Frameworks;
			sourceTree = "<group>";
		};
		B8D0FE4F21B17D47005B64DF /* FRadioPlayer_tvOS */ = {
			isa = PBXGroup;
			children = (
				B8D0FE5021B17D47005B64DF /* AppDelegate.swift */,
				B8D0FE5221B17D47005B64DF /* ViewController.swift */,
				B8D0FE5421B17D47005B64DF /* Main.storyboard */,
				B8D0FE5721B17D49005B64DF /* Assets.xcassets */,
				B8D0FE5921B17D49005B64DF /* Info.plist */,
			);
			path = FRadioPlayer_tvOS;
			sourceTree = "<group>";
		};
		C9185C99D475B3E726EF3DE3 /* Pods */ = {
			isa = PBXGroup;
			children = (
				E3AF3BE5D28A2EC29DE30915 /* Pods-FRadioPlayer_Example.debug.xcconfig */,
				CBB7FF2C424962201E0CE53E /* Pods-FRadioPlayer_Example.release.xcconfig */,
				ADC0D107E336293D60827BCD /* Pods-FRadioPlayer_Tests.debug.xcconfig */,
				733A31C2D8DBB7FB9D433453 /* Pods-FRadioPlayer_Tests.release.xcconfig */,
				412A9F8B5D5E4B4705AE9F0E /* Pods-FRadioPlayer_ios.debug.xcconfig */,
				612EF1D0B96E8B922E04963F /* Pods-FRadioPlayer_ios.release.xcconfig */,
				BC2AE6470A4C0BE46711D9AF /* Pods-FRadioPlayer_mac.debug.xcconfig */,
				10B578434A03FE51AE221D8A /* Pods-FRadioPlayer_mac.release.xcconfig */,
				DC11A056E5D4F1B69F9ABE88 /* Pods-FRadioPlayer_tvOS.debug.xcconfig */,
				257B5148ADFF316304B18077 /* Pods-FRadioPlayer_tvOS.release.xcconfig */,
				2A8F19185E3807164EC6516A /* Pods-FRadioPlayer_SwiftUI.debug.xcconfig */,
				741614D8D15537554278BF0D /* Pods-FRadioPlayer_SwiftUI.release.xcconfig */,
				6FD964ADEBDFA118738E9D9B /* Pods-FRadioPlayer_ios-FRadioPlayer_Tests.debug.xcconfig */,
				C4CDACDB88A2BE0BBCA28002 /* Pods-FRadioPlayer_ios-FRadioPlayer_Tests.release.xcconfig */,
			);
			name = Pods;
			sourceTree = "<group>";
		};
		FAE5E43F21AC6CD3003F96DB /* FRadioPlayer_mac */ = {
			isa = PBXGroup;
			children = (
				FAE5E44021AC6CD3003F96DB /* AppDelegate.swift */,
				FAE5E44221AC6CD3003F96DB /* ViewController.swift */,
				FAE5E44421AC6CD4003F96DB /* Assets.xcassets */,
				FAE5E44621AC6CD4003F96DB /* Main.storyboard */,
				FAE5E44921AC6CD4003F96DB /* Info.plist */,
				FAE5E44A21AC6CD4003F96DB /* FRadioPlayer_mac.entitlements */,
			);
			path = FRadioPlayer_mac;
			sourceTree = "<group>";
		};
		FAE5E45021AC74A3003F96DB /* Shared */ = {
			isa = PBXGroup;
			children = (
				CAE63D531FD4915300281653 /* Station.swift */,
				CAE63D541FD4915300281653 /* Track.swift */,
			);
			path = Shared;
			sourceTree = "<group>";
		};
/* End PBXGroup section */

/* Begin PBXNativeTarget section */
		607FACCF1AFB9204008FA782 /* FRadioPlayer_ios */ = {
			isa = PBXNativeTarget;
			buildConfigurationList = 607FACEF1AFB9204008FA782 /* Build configuration list for PBXNativeTarget "FRadioPlayer_ios" */;
			buildPhases = (
				4FB7D000255781F466D86BD3 /* [CP] Check Pods Manifest.lock */,
				607FACCC1AFB9204008FA782 /* Sources */,
				607FACCD1AFB9204008FA782 /* Frameworks */,
				607FACCE1AFB9204008FA782 /* Resources */,
				3097E61A67569220A51C4DDB /* [CP] Embed Pods Frameworks */,
			);
			buildRules = (
			);
			dependencies = (
			);
			name = FRadioPlayer_ios;
			productName = FRadioPlayer;
			productReference = 607FACD01AFB9204008FA782 /* FRadioPlayer_ios.app */;
			productType = "com.apple.product-type.application";
		};
		607FACE41AFB9204008FA782 /* FRadioPlayer_Tests */ = {
			isa = PBXNativeTarget;
			buildConfigurationList = 607FACF21AFB9204008FA782 /* Build configuration list for PBXNativeTarget "FRadioPlayer_Tests" */;
			buildPhases = (
				41D126F2EA5D97B25A017638 /* [CP] Check Pods Manifest.lock */,
				607FACE11AFB9204008FA782 /* Sources */,
				607FACE21AFB9204008FA782 /* Frameworks */,
				607FACE31AFB9204008FA782 /* Resources */,
				EA96CFF37C3E01844275F24E /* [CP] Embed Pods Frameworks */,
			);
			buildRules = (
			);
			dependencies = (
				607FACE71AFB9204008FA782 /* PBXTargetDependency */,
			);
			name = FRadioPlayer_Tests;
			productName = Tests;
			productReference = 607FACE51AFB9204008FA782 /* FRadioPlayer_Tests.xctest */;
			productType = "com.apple.product-type.bundle.unit-test";
		};
		6521C883257D4CB800E80317 /* FRadioPlayer_SwiftUI */ = {
			isa = PBXNativeTarget;
			buildConfigurationList = 6521C892257D4CBA00E80317 /* Build configuration list for PBXNativeTarget "FRadioPlayer_SwiftUI" */;
			buildPhases = (
				5096E2F22D8BCFE4D70F34C2 /* [CP] Check Pods Manifest.lock */,
				6521C880257D4CB800E80317 /* Sources */,
				6521C881257D4CB800E80317 /* Frameworks */,
				6521C882257D4CB800E80317 /* Resources */,
				CD4C8215F5DE18917A80718E /* [CP] Embed Pods Frameworks */,
			);
			buildRules = (
			);
			dependencies = (
			);
			name = FRadioPlayer_SwiftUI;
			productName = FRadioPlayer_SwiftUI;
			productReference = 6521C884257D4CB800E80317 /* FRadioPlayer_SwiftUI.app */;
			productType = "com.apple.product-type.application";
		};
		B8D0FE4D21B17D47005B64DF /* FRadioPlayer_tvOS */ = {
			isa = PBXNativeTarget;
			buildConfigurationList = B8D0FE5C21B17D49005B64DF /* Build configuration list for PBXNativeTarget "FRadioPlayer_tvOS" */;
			buildPhases = (
				42FDF28C21693133EA45EFFB /* [CP] Check Pods Manifest.lock */,
				B8D0FE4A21B17D47005B64DF /* Sources */,
				B8D0FE4B21B17D47005B64DF /* Frameworks */,
				B8D0FE4C21B17D47005B64DF /* Resources */,
				B766E47C38969BA58700C14C /* [CP] Embed Pods Frameworks */,
			);
			buildRules = (
			);
			dependencies = (
			);
			name = FRadioPlayer_tvOS;
			productName = FRadioPlayer_tvOS;
			productReference = B8D0FE4E21B17D47005B64DF /* FRadioPlayer_tvOS.app */;
			productType = "com.apple.product-type.application";
		};
		FAE5E43D21AC6CD3003F96DB /* FRadioPlayer_mac */ = {
			isa = PBXNativeTarget;
			buildConfigurationList = FAE5E44D21AC6CD4003F96DB /* Build configuration list for PBXNativeTarget "FRadioPlayer_mac" */;
			buildPhases = (
				66A619608FCA4D79D6132A13 /* [CP] Check Pods Manifest.lock */,
				FAE5E43A21AC6CD3003F96DB /* Sources */,
				FAE5E43B21AC6CD3003F96DB /* Frameworks */,
				FAE5E43C21AC6CD3003F96DB /* Resources */,
				7BE42A3CA63387B9BF8244C9 /* [CP] Embed Pods Frameworks */,
			);
			buildRules = (
			);
			dependencies = (
			);
			name = FRadioPlayer_mac;
			productName = FRadioPlayer_mac;
			productReference = FAE5E43E21AC6CD3003F96DB /* FRadioPlayer_mac.app */;
			productType = "com.apple.product-type.application";
		};
/* End PBXNativeTarget section */

/* Begin PBXProject section */
		607FACC81AFB9204008FA782 /* Project object */ = {
			isa = PBXProject;
			attributes = {
				LastSwiftUpdateCheck = 1220;
				LastUpgradeCheck = 1220;
				ORGANIZATIONNAME = CocoaPods;
				TargetAttributes = {
					607FACCF1AFB9204008FA782 = {
						CreatedOnToolsVersion = 6.3.1;
						DevelopmentTeam = 6G96AERJ7Q;
						LastSwiftMigration = 1020;
						SystemCapabilities = {
							com.apple.BackgroundModes = {
								enabled = 1;
							};
						};
					};
					607FACE41AFB9204008FA782 = {
						CreatedOnToolsVersion = 6.3.1;
						DevelopmentTeam = 6G96AERJ7Q;
						LastSwiftMigration = 1020;
						TestTargetID = 607FACCF1AFB9204008FA782;
					};
					6521C883257D4CB800E80317 = {
						CreatedOnToolsVersion = 12.2;
						DevelopmentTeam = 6G96AERJ7Q;
						ProvisioningStyle = Automatic;
					};
					B8D0FE4D21B17D47005B64DF = {
						CreatedOnToolsVersion = 10.1;
						DevelopmentTeam = 6G96AERJ7Q;
						ProvisioningStyle = Automatic;
					};
					FAE5E43D21AC6CD3003F96DB = {
						CreatedOnToolsVersion = 10.1;
						DevelopmentTeam = 6G96AERJ7Q;
						ProvisioningStyle = Automatic;
						SystemCapabilities = {
							com.apple.Sandbox = {
								enabled = 1;
							};
						};
					};
				};
			};
			buildConfigurationList = 607FACCB1AFB9204008FA782 /* Build configuration list for PBXProject "FRadioPlayer" */;
			compatibilityVersion = "Xcode 3.2";
			developmentRegion = en;
			hasScannedForEncodings = 0;
			knownRegions = (
				en,
				Base,
			);
			mainGroup = 607FACC71AFB9204008FA782;
			productRefGroup = 607FACD11AFB9204008FA782 /* Products */;
			projectDirPath = "";
			projectRoot = "";
			targets = (
				607FACCF1AFB9204008FA782 /* FRadioPlayer_ios */,
				607FACE41AFB9204008FA782 /* FRadioPlayer_Tests */,
				FAE5E43D21AC6CD3003F96DB /* FRadioPlayer_mac */,
				B8D0FE4D21B17D47005B64DF /* FRadioPlayer_tvOS */,
				6521C883257D4CB800E80317 /* FRadioPlayer_SwiftUI */,
			);
		};
/* End PBXProject section */

/* Begin PBXResourcesBuildPhase section */
		607FACCE1AFB9204008FA782 /* Resources */ = {
			isa = PBXResourcesBuildPhase;
			buildActionMask = 2147483647;
			files = (
				CAE63D521FD4912000281653 /* Main.storyboard in Resources */,
				607FACE01AFB9204008FA782 /* LaunchScreen.xib in Resources */,
				607FACDD1AFB9204008FA782 /* Images.xcassets in Resources */,
			);
			runOnlyForDeploymentPostprocessing = 0;
		};
		607FACE31AFB9204008FA782 /* Resources */ = {
			isa = PBXResourcesBuildPhase;
			buildActionMask = 2147483647;
			files = (
			);
			runOnlyForDeploymentPostprocessing = 0;
		};
		6521C882257D4CB800E80317 /* Resources */ = {
			isa = PBXResourcesBuildPhase;
			buildActionMask = 2147483647;
			files = (
				6521C88E257D4CBA00E80317 /* Preview Assets.xcassets in Resources */,
				65347D3E257D71FC00DDE1C9 /* LaunchScreen.xib in Resources */,
				6521C88B257D4CBA00E80317 /* Assets.xcassets in Resources */,
			);
			runOnlyForDeploymentPostprocessing = 0;
		};
		B8D0FE4C21B17D47005B64DF /* Resources */ = {
			isa = PBXResourcesBuildPhase;
			buildActionMask = 2147483647;
			files = (
				B8D0FE5821B17D49005B64DF /* Assets.xcassets in Resources */,
				B8D0FE5621B17D47005B64DF /* Main.storyboard in Resources */,
			);
			runOnlyForDeploymentPostprocessing = 0;
		};
		FAE5E43C21AC6CD3003F96DB /* Resources */ = {
			isa = PBXResourcesBuildPhase;
			buildActionMask = 2147483647;
			files = (
				FAE5E44521AC6CD4003F96DB /* Assets.xcassets in Resources */,
				FAE5E44821AC6CD4003F96DB /* Main.storyboard in Resources */,
			);
			runOnlyForDeploymentPostprocessing = 0;
		};
/* End PBXResourcesBuildPhase section */

/* Begin PBXShellScriptBuildPhase section */
		3097E61A67569220A51C4DDB /* [CP] Embed Pods Frameworks */ = {
			isa = PBXShellScriptBuildPhase;
			buildActionMask = 2147483647;
			files = (
			);
			inputPaths = (
				"${PODS_ROOT}/Target Support Files/Pods-FRadioPlayer_ios/Pods-FRadioPlayer_ios-frameworks.sh",
				"${BUILT_PRODUCTS_DIR}/FRadioPlayer-iOS10.0/FRadioPlayer.framework",
			);
			name = "[CP] Embed Pods Frameworks";
			outputPaths = (
				"${TARGET_BUILD_DIR}/${FRAMEWORKS_FOLDER_PATH}/FRadioPlayer.framework",
			);
			runOnlyForDeploymentPostprocessing = 0;
			shellPath = /bin/sh;
			shellScript = "\"${PODS_ROOT}/Target Support Files/Pods-FRadioPlayer_ios/Pods-FRadioPlayer_ios-frameworks.sh\"\n";
			showEnvVarsInLog = 0;
		};
		41D126F2EA5D97B25A017638 /* [CP] Check Pods Manifest.lock */ = {
			isa = PBXShellScriptBuildPhase;
			buildActionMask = 2147483647;
			files = (
			);
			inputPaths = (
				"${PODS_PODFILE_DIR_PATH}/Podfile.lock",
				"${PODS_ROOT}/Manifest.lock",
			);
			name = "[CP] Check Pods Manifest.lock";
			outputPaths = (
				"$(DERIVED_FILE_DIR)/Pods-FRadioPlayer_ios-FRadioPlayer_Tests-checkManifestLockResult.txt",
			);
			runOnlyForDeploymentPostprocessing = 0;
			shellPath = /bin/sh;
			shellScript = "diff \"${PODS_PODFILE_DIR_PATH}/Podfile.lock\" \"${PODS_ROOT}/Manifest.lock\" > /dev/null\nif [ $? != 0 ] ; then\n    # print error to STDERR\n    echo \"error: The sandbox is not in sync with the Podfile.lock. Run 'pod install' or update your CocoaPods installation.\" >&2\n    exit 1\nfi\n# This output is used by Xcode 'outputs' to avoid re-running this script phase.\necho \"SUCCESS\" > \"${SCRIPT_OUTPUT_FILE_0}\"\n";
			showEnvVarsInLog = 0;
		};
		42FDF28C21693133EA45EFFB /* [CP] Check Pods Manifest.lock */ = {
			isa = PBXShellScriptBuildPhase;
			buildActionMask = 2147483647;
			files = (
			);
			inputFileListPaths = (
			);
			inputPaths = (
				"${PODS_PODFILE_DIR_PATH}/Podfile.lock",
				"${PODS_ROOT}/Manifest.lock",
			);
			name = "[CP] Check Pods Manifest.lock";
			outputFileListPaths = (
			);
			outputPaths = (
				"$(DERIVED_FILE_DIR)/Pods-FRadioPlayer_tvOS-checkManifestLockResult.txt",
			);
			runOnlyForDeploymentPostprocessing = 0;
			shellPath = /bin/sh;
			shellScript = "diff \"${PODS_PODFILE_DIR_PATH}/Podfile.lock\" \"${PODS_ROOT}/Manifest.lock\" > /dev/null\nif [ $? != 0 ] ; then\n    # print error to STDERR\n    echo \"error: The sandbox is not in sync with the Podfile.lock. Run 'pod install' or update your CocoaPods installation.\" >&2\n    exit 1\nfi\n# This output is used by Xcode 'outputs' to avoid re-running this script phase.\necho \"SUCCESS\" > \"${SCRIPT_OUTPUT_FILE_0}\"\n";
			showEnvVarsInLog = 0;
		};
		4FB7D000255781F466D86BD3 /* [CP] Check Pods Manifest.lock */ = {
			isa = PBXShellScriptBuildPhase;
			buildActionMask = 2147483647;
			files = (
			);
			inputPaths = (
				"${PODS_PODFILE_DIR_PATH}/Podfile.lock",
				"${PODS_ROOT}/Manifest.lock",
			);
			name = "[CP] Check Pods Manifest.lock";
			outputPaths = (
				"$(DERIVED_FILE_DIR)/Pods-FRadioPlayer_ios-checkManifestLockResult.txt",
			);
			runOnlyForDeploymentPostprocessing = 0;
			shellPath = /bin/sh;
			shellScript = "diff \"${PODS_PODFILE_DIR_PATH}/Podfile.lock\" \"${PODS_ROOT}/Manifest.lock\" > /dev/null\nif [ $? != 0 ] ; then\n    # print error to STDERR\n    echo \"error: The sandbox is not in sync with the Podfile.lock. Run 'pod install' or update your CocoaPods installation.\" >&2\n    exit 1\nfi\n# This output is used by Xcode 'outputs' to avoid re-running this script phase.\necho \"SUCCESS\" > \"${SCRIPT_OUTPUT_FILE_0}\"\n";
			showEnvVarsInLog = 0;
		};
		5096E2F22D8BCFE4D70F34C2 /* [CP] Check Pods Manifest.lock */ = {
			isa = PBXShellScriptBuildPhase;
			buildActionMask = 2147483647;
			files = (
			);
			inputFileListPaths = (
			);
			inputPaths = (
				"${PODS_PODFILE_DIR_PATH}/Podfile.lock",
				"${PODS_ROOT}/Manifest.lock",
			);
			name = "[CP] Check Pods Manifest.lock";
			outputFileListPaths = (
			);
			outputPaths = (
				"$(DERIVED_FILE_DIR)/Pods-FRadioPlayer_SwiftUI-checkManifestLockResult.txt",
			);
			runOnlyForDeploymentPostprocessing = 0;
			shellPath = /bin/sh;
			shellScript = "diff \"${PODS_PODFILE_DIR_PATH}/Podfile.lock\" \"${PODS_ROOT}/Manifest.lock\" > /dev/null\nif [ $? != 0 ] ; then\n    # print error to STDERR\n    echo \"error: The sandbox is not in sync with the Podfile.lock. Run 'pod install' or update your CocoaPods installation.\" >&2\n    exit 1\nfi\n# This output is used by Xcode 'outputs' to avoid re-running this script phase.\necho \"SUCCESS\" > \"${SCRIPT_OUTPUT_FILE_0}\"\n";
			showEnvVarsInLog = 0;
		};
		66A619608FCA4D79D6132A13 /* [CP] Check Pods Manifest.lock */ = {
			isa = PBXShellScriptBuildPhase;
			buildActionMask = 2147483647;
			files = (
			);
			inputFileListPaths = (
			);
			inputPaths = (
				"${PODS_PODFILE_DIR_PATH}/Podfile.lock",
				"${PODS_ROOT}/Manifest.lock",
			);
			name = "[CP] Check Pods Manifest.lock";
			outputFileListPaths = (
			);
			outputPaths = (
				"$(DERIVED_FILE_DIR)/Pods-FRadioPlayer_mac-checkManifestLockResult.txt",
			);
			runOnlyForDeploymentPostprocessing = 0;
			shellPath = /bin/sh;
			shellScript = "diff \"${PODS_PODFILE_DIR_PATH}/Podfile.lock\" \"${PODS_ROOT}/Manifest.lock\" > /dev/null\nif [ $? != 0 ] ; then\n    # print error to STDERR\n    echo \"error: The sandbox is not in sync with the Podfile.lock. Run 'pod install' or update your CocoaPods installation.\" >&2\n    exit 1\nfi\n# This output is used by Xcode 'outputs' to avoid re-running this script phase.\necho \"SUCCESS\" > \"${SCRIPT_OUTPUT_FILE_0}\"\n";
			showEnvVarsInLog = 0;
		};
		7BE42A3CA63387B9BF8244C9 /* [CP] Embed Pods Frameworks */ = {
			isa = PBXShellScriptBuildPhase;
			buildActionMask = 2147483647;
			files = (
			);
			inputPaths = (
				"${PODS_ROOT}/Target Support Files/Pods-FRadioPlayer_mac/Pods-FRadioPlayer_mac-frameworks.sh",
				"${BUILT_PRODUCTS_DIR}/FRadioPlayer-macOS10.12/FRadioPlayer.framework",
			);
			name = "[CP] Embed Pods Frameworks";
			outputPaths = (
				"${TARGET_BUILD_DIR}/${FRAMEWORKS_FOLDER_PATH}/FRadioPlayer.framework",
			);
			runOnlyForDeploymentPostprocessing = 0;
			shellPath = /bin/sh;
			shellScript = "\"${PODS_ROOT}/Target Support Files/Pods-FRadioPlayer_mac/Pods-FRadioPlayer_mac-frameworks.sh\"\n";
			showEnvVarsInLog = 0;
		};
		B766E47C38969BA58700C14C /* [CP] Embed Pods Frameworks */ = {
			isa = PBXShellScriptBuildPhase;
			buildActionMask = 2147483647;
			files = (
			);
			inputPaths = (
				"${PODS_ROOT}/Target Support Files/Pods-FRadioPlayer_tvOS/Pods-FRadioPlayer_tvOS-frameworks.sh",
				"${BUILT_PRODUCTS_DIR}/FRadioPlayer-tvOS10.0/FRadioPlayer.framework",
			);
			name = "[CP] Embed Pods Frameworks";
			outputPaths = (
				"${TARGET_BUILD_DIR}/${FRAMEWORKS_FOLDER_PATH}/FRadioPlayer.framework",
			);
			runOnlyForDeploymentPostprocessing = 0;
			shellPath = /bin/sh;
			shellScript = "\"${PODS_ROOT}/Target Support Files/Pods-FRadioPlayer_tvOS/Pods-FRadioPlayer_tvOS-frameworks.sh\"\n";
			showEnvVarsInLog = 0;
		};
		CD4C8215F5DE18917A80718E /* [CP] Embed Pods Frameworks */ = {
			isa = PBXShellScriptBuildPhase;
			buildActionMask = 2147483647;
			files = (
			);
			inputPaths = (
				"${PODS_ROOT}/Target Support Files/Pods-FRadioPlayer_SwiftUI/Pods-FRadioPlayer_SwiftUI-frameworks.sh",
				"${BUILT_PRODUCTS_DIR}/FRadioPlayer-iOS14.0/FRadioPlayer.framework",
			);
			name = "[CP] Embed Pods Frameworks";
			outputPaths = (
				"${TARGET_BUILD_DIR}/${FRAMEWORKS_FOLDER_PATH}/FRadioPlayer.framework",
			);
			runOnlyForDeploymentPostprocessing = 0;
			shellPath = /bin/sh;
			shellScript = "\"${PODS_ROOT}/Target Support Files/Pods-FRadioPlayer_SwiftUI/Pods-FRadioPlayer_SwiftUI-frameworks.sh\"\n";
			showEnvVarsInLog = 0;
		};
		EA96CFF37C3E01844275F24E /* [CP] Embed Pods Frameworks */ = {
			isa = PBXShellScriptBuildPhase;
			buildActionMask = 2147483647;
			files = (
			);
			inputPaths = (
				"${PODS_ROOT}/Target Support Files/Pods-FRadioPlayer_ios-FRadioPlayer_Tests/Pods-FRadioPlayer_ios-FRadioPlayer_Tests-frameworks.sh",
				"${BUILT_PRODUCTS_DIR}/FRadioPlayer-iOS10.0/FRadioPlayer.framework",
			);
			name = "[CP] Embed Pods Frameworks";
			outputPaths = (
				"${TARGET_BUILD_DIR}/${FRAMEWORKS_FOLDER_PATH}/FRadioPlayer.framework",
			);
			runOnlyForDeploymentPostprocessing = 0;
			shellPath = /bin/sh;
			shellScript = "\"${PODS_ROOT}/Target Support Files/Pods-FRadioPlayer_ios-FRadioPlayer_Tests/Pods-FRadioPlayer_ios-FRadioPlayer_Tests-frameworks.sh\"\n";
			showEnvVarsInLog = 0;
		};
/* End PBXShellScriptBuildPhase section */

/* Begin PBXSourcesBuildPhase section */
		607FACCC1AFB9204008FA782 /* Sources */ = {
			isa = PBXSourcesBuildPhase;
			buildActionMask = 2147483647;
			files = (
				CAE63D501FD4910000281653 /* ViewController.swift in Sources */,
				CAE63D551FD4915300281653 /* Station.swift in Sources */,
				607FACD61AFB9204008FA782 /* AppDelegate.swift in Sources */,
				CAE63D561FD4915300281653 /* Track.swift in Sources */,
			);
			runOnlyForDeploymentPostprocessing = 0;
		};
		607FACE11AFB9204008FA782 /* Sources */ = {
			isa = PBXSourcesBuildPhase;
			buildActionMask = 2147483647;
			files = (
				607FACEC1AFB9204008FA782 /* Tests.swift in Sources */,
			);
			runOnlyForDeploymentPostprocessing = 0;
		};
		6521C880257D4CB800E80317 /* Sources */ = {
			isa = PBXSourcesBuildPhase;
			buildActionMask = 2147483647;
			files = (
				6521C8AC257D4EA900E80317 /* TabIconsView.swift in Sources */,
				6521C889257D4CB800E80317 /* ContentView.swift in Sources */,
				53E4CEB02581A6720026AB0F /* StateView.swift in Sources */,
				6521C89E257D4E5D00E80317 /* StationsListView.swift in Sources */,
				6521C8D2257D506E00E80317 /* Track.swift in Sources */,
				6521C8B3257D4ED000E80317 /* AirPlayView.swift in Sources */,
				6521C8A5257D4E8C00E80317 /* NowPlayingView.swift in Sources */,
				65347D38257D6DEC00DDE1C9 /* NowPlayingSplitView.swift in Sources */,
				6521C887257D4CB800E80317 /* FRadioPlayer_SwiftUIApp.swift in Sources */,
				6521C8CC257D506B00E80317 /* Station.swift in Sources */,
			);
			runOnlyForDeploymentPostprocessing = 0;
		};
		B8D0FE4A21B17D47005B64DF /* Sources */ = {
			isa = PBXSourcesBuildPhase;
			buildActionMask = 2147483647;
			files = (
				B8D0FE5321B17D47005B64DF /* ViewController.swift in Sources */,
				B8D0FE5121B17D47005B64DF /* AppDelegate.swift in Sources */,
				B8D0FE5E21B17DD9005B64DF /* Station.swift in Sources */,
				B8D0FE5D21B17DD6005B64DF /* Track.swift in Sources */,
			);
			runOnlyForDeploymentPostprocessing = 0;
		};
		FAE5E43A21AC6CD3003F96DB /* Sources */ = {
			isa = PBXSourcesBuildPhase;
			buildActionMask = 2147483647;
			files = (
				FAE5E44321AC6CD3003F96DB /* ViewController.swift in Sources */,
				FAE5E45521AC76AE003F96DB /* Station.swift in Sources */,
				FAE5E44121AC6CD3003F96DB /* AppDelegate.swift in Sources */,
				FAE5E45421AC76AA003F96DB /* Track.swift in Sources */,
			);
			runOnlyForDeploymentPostprocessing = 0;
		};
/* End PBXSourcesBuildPhase section */

/* Begin PBXTargetDependency section */
		607FACE71AFB9204008FA782 /* PBXTargetDependency */ = {
			isa = PBXTargetDependency;
			target = 607FACCF1AFB9204008FA782 /* FRadioPlayer_ios */;
			targetProxy = 607FACE61AFB9204008FA782 /* PBXContainerItemProxy */;
		};
/* End PBXTargetDependency section */

/* Begin PBXVariantGroup section */
		607FACDE1AFB9204008FA782 /* LaunchScreen.xib */ = {
			isa = PBXVariantGroup;
			children = (
				607FACDF1AFB9204008FA782 /* Base */,
			);
			name = LaunchScreen.xib;
			sourceTree = "<group>";
		};
		B8D0FE5421B17D47005B64DF /* Main.storyboard */ = {
			isa = PBXVariantGroup;
			children = (
				B8D0FE5521B17D47005B64DF /* Base */,
			);
			name = Main.storyboard;
			sourceTree = "<group>";
		};
		FAE5E44621AC6CD4003F96DB /* Main.storyboard */ = {
			isa = PBXVariantGroup;
			children = (
				FAE5E44721AC6CD4003F96DB /* Base */,
			);
			name = Main.storyboard;
			sourceTree = "<group>";
		};
/* End PBXVariantGroup section */

/* Begin XCBuildConfiguration section */
		607FACED1AFB9204008FA782 /* Debug */ = {
			isa = XCBuildConfiguration;
			buildSettings = {
				ALWAYS_SEARCH_USER_PATHS = NO;
				CLANG_ANALYZER_LOCALIZABILITY_NONLOCALIZED = YES;
				CLANG_CXX_LANGUAGE_STANDARD = "gnu++0x";
				CLANG_CXX_LIBRARY = "libc++";
				CLANG_ENABLE_MODULES = YES;
				CLANG_ENABLE_OBJC_ARC = YES;
				CLANG_WARN_BLOCK_CAPTURE_AUTORELEASING = YES;
				CLANG_WARN_BOOL_CONVERSION = YES;
				CLANG_WARN_COMMA = YES;
				CLANG_WARN_CONSTANT_CONVERSION = YES;
				CLANG_WARN_DEPRECATED_OBJC_IMPLEMENTATIONS = YES;
				CLANG_WARN_DIRECT_OBJC_ISA_USAGE = YES_ERROR;
				CLANG_WARN_EMPTY_BODY = YES;
				CLANG_WARN_ENUM_CONVERSION = YES;
				CLANG_WARN_INFINITE_RECURSION = YES;
				CLANG_WARN_INT_CONVERSION = YES;
				CLANG_WARN_NON_LITERAL_NULL_CONVERSION = YES;
				CLANG_WARN_OBJC_IMPLICIT_RETAIN_SELF = YES;
				CLANG_WARN_OBJC_LITERAL_CONVERSION = YES;
				CLANG_WARN_OBJC_ROOT_CLASS = YES_ERROR;
				CLANG_WARN_QUOTED_INCLUDE_IN_FRAMEWORK_HEADER = YES;
				CLANG_WARN_RANGE_LOOP_ANALYSIS = YES;
				CLANG_WARN_STRICT_PROTOTYPES = YES;
				CLANG_WARN_SUSPICIOUS_MOVE = YES;
				CLANG_WARN_UNREACHABLE_CODE = YES;
				CLANG_WARN__DUPLICATE_METHOD_MATCH = YES;
				"CODE_SIGN_IDENTITY[sdk=iphoneos*]" = "iPhone Developer";
				COPY_PHASE_STRIP = NO;
				DEBUG_INFORMATION_FORMAT = "dwarf-with-dsym";
				ENABLE_STRICT_OBJC_MSGSEND = YES;
				ENABLE_TESTABILITY = YES;
				GCC_C_LANGUAGE_STANDARD = gnu99;
				GCC_DYNAMIC_NO_PIC = NO;
				GCC_NO_COMMON_BLOCKS = YES;
				GCC_OPTIMIZATION_LEVEL = 0;
				GCC_PREPROCESSOR_DEFINITIONS = (
					"DEBUG=1",
					"$(inherited)",
				);
				GCC_SYMBOLS_PRIVATE_EXTERN = NO;
				GCC_WARN_64_TO_32_BIT_CONVERSION = YES;
				GCC_WARN_ABOUT_RETURN_TYPE = YES_ERROR;
				GCC_WARN_UNDECLARED_SELECTOR = YES;
				GCC_WARN_UNINITIALIZED_AUTOS = YES_AGGRESSIVE;
				GCC_WARN_UNUSED_FUNCTION = YES;
				GCC_WARN_UNUSED_VARIABLE = YES;
				IPHONEOS_DEPLOYMENT_TARGET = 10.0;
				MACOSX_DEPLOYMENT_TARGET = 10.12;
				MTL_ENABLE_DEBUG_INFO = YES;
				ONLY_ACTIVE_ARCH = YES;
				SDKROOT = iphoneos;
				SWIFT_OPTIMIZATION_LEVEL = "-Onone";
			};
			name = Debug;
		};
		607FACEE1AFB9204008FA782 /* Release */ = {
			isa = XCBuildConfiguration;
			buildSettings = {
				ALWAYS_SEARCH_USER_PATHS = NO;
				CLANG_ANALYZER_LOCALIZABILITY_NONLOCALIZED = YES;
				CLANG_CXX_LANGUAGE_STANDARD = "gnu++0x";
				CLANG_CXX_LIBRARY = "libc++";
				CLANG_ENABLE_MODULES = YES;
				CLANG_ENABLE_OBJC_ARC = YES;
				CLANG_WARN_BLOCK_CAPTURE_AUTORELEASING = YES;
				CLANG_WARN_BOOL_CONVERSION = YES;
				CLANG_WARN_COMMA = YES;
				CLANG_WARN_CONSTANT_CONVERSION = YES;
				CLANG_WARN_DEPRECATED_OBJC_IMPLEMENTATIONS = YES;
				CLANG_WARN_DIRECT_OBJC_ISA_USAGE = YES_ERROR;
				CLANG_WARN_EMPTY_BODY = YES;
				CLANG_WARN_ENUM_CONVERSION = YES;
				CLANG_WARN_INFINITE_RECURSION = YES;
				CLANG_WARN_INT_CONVERSION = YES;
				CLANG_WARN_NON_LITERAL_NULL_CONVERSION = YES;
				CLANG_WARN_OBJC_IMPLICIT_RETAIN_SELF = YES;
				CLANG_WARN_OBJC_LITERAL_CONVERSION = YES;
				CLANG_WARN_OBJC_ROOT_CLASS = YES_ERROR;
				CLANG_WARN_QUOTED_INCLUDE_IN_FRAMEWORK_HEADER = YES;
				CLANG_WARN_RANGE_LOOP_ANALYSIS = YES;
				CLANG_WARN_STRICT_PROTOTYPES = YES;
				CLANG_WARN_SUSPICIOUS_MOVE = YES;
				CLANG_WARN_UNREACHABLE_CODE = YES;
				CLANG_WARN__DUPLICATE_METHOD_MATCH = YES;
				"CODE_SIGN_IDENTITY[sdk=iphoneos*]" = "iPhone Developer";
				COPY_PHASE_STRIP = NO;
				DEBUG_INFORMATION_FORMAT = "dwarf-with-dsym";
				ENABLE_NS_ASSERTIONS = NO;
				ENABLE_STRICT_OBJC_MSGSEND = YES;
				GCC_C_LANGUAGE_STANDARD = gnu99;
				GCC_NO_COMMON_BLOCKS = YES;
				GCC_WARN_64_TO_32_BIT_CONVERSION = YES;
				GCC_WARN_ABOUT_RETURN_TYPE = YES_ERROR;
				GCC_WARN_UNDECLARED_SELECTOR = YES;
				GCC_WARN_UNINITIALIZED_AUTOS = YES_AGGRESSIVE;
				GCC_WARN_UNUSED_FUNCTION = YES;
				GCC_WARN_UNUSED_VARIABLE = YES;
				IPHONEOS_DEPLOYMENT_TARGET = 10.0;
				MACOSX_DEPLOYMENT_TARGET = 10.12;
				MTL_ENABLE_DEBUG_INFO = NO;
				SDKROOT = iphoneos;
				SWIFT_OPTIMIZATION_LEVEL = "-Owholemodule";
				VALIDATE_PRODUCT = YES;
			};
			name = Release;
		};
		607FACF01AFB9204008FA782 /* Debug */ = {
			isa = XCBuildConfiguration;
			baseConfigurationReference = 412A9F8B5D5E4B4705AE9F0E /* Pods-FRadioPlayer_ios.debug.xcconfig */;
			buildSettings = {
				ASSETCATALOG_COMPILER_APPICON_NAME = AppIcon;
				DEVELOPMENT_TEAM = 6G96AERJ7Q;
				INFOPLIST_FILE = FRadioPlayer/Info.plist;
				IPHONEOS_DEPLOYMENT_TARGET = 10.0;
				LD_RUNPATH_SEARCH_PATHS = "$(inherited) @executable_path/Frameworks";
				MODULE_NAME = ExampleApp;
				PRODUCT_BUNDLE_IDENTIFIER = "org.cocoapods.demo.$(PRODUCT_NAME:rfc1034identifier)";
				PRODUCT_NAME = "$(TARGET_NAME)";
				SWIFT_VERSION = 5.0;
				TARGETED_DEVICE_FAMILY = 1;
			};
			name = Debug;
		};
		607FACF11AFB9204008FA782 /* Release */ = {
			isa = XCBuildConfiguration;
			baseConfigurationReference = 612EF1D0B96E8B922E04963F /* Pods-FRadioPlayer_ios.release.xcconfig */;
			buildSettings = {
				ASSETCATALOG_COMPILER_APPICON_NAME = AppIcon;
				DEVELOPMENT_TEAM = 6G96AERJ7Q;
				INFOPLIST_FILE = FRadioPlayer/Info.plist;
				IPHONEOS_DEPLOYMENT_TARGET = 10.0;
				LD_RUNPATH_SEARCH_PATHS = "$(inherited) @executable_path/Frameworks";
				MODULE_NAME = ExampleApp;
				PRODUCT_BUNDLE_IDENTIFIER = "org.cocoapods.demo.$(PRODUCT_NAME:rfc1034identifier)";
				PRODUCT_NAME = "$(TARGET_NAME)";
				SWIFT_VERSION = 5.0;
				TARGETED_DEVICE_FAMILY = 1;
			};
			name = Release;
		};
		607FACF31AFB9204008FA782 /* Debug */ = {
			isa = XCBuildConfiguration;
			baseConfigurationReference = 6FD964ADEBDFA118738E9D9B /* Pods-FRadioPlayer_ios-FRadioPlayer_Tests.debug.xcconfig */;
			buildSettings = {
				DEVELOPMENT_TEAM = 6G96AERJ7Q;
				FRAMEWORK_SEARCH_PATHS = (
					"$(SDKROOT)/Developer/Library/Frameworks",
					"$(inherited)",
				);
				GCC_PREPROCESSOR_DEFINITIONS = (
					"DEBUG=1",
					"$(inherited)",
				);
				INFOPLIST_FILE = Tests/Info.plist;
				LD_RUNPATH_SEARCH_PATHS = "$(inherited) @executable_path/Frameworks @loader_path/Frameworks";
				PRODUCT_BUNDLE_IDENTIFIER = "org.cocoapods.$(PRODUCT_NAME:rfc1034identifier)";
				PRODUCT_NAME = "$(TARGET_NAME)";
				SWIFT_VERSION = 5.0;
			};
			name = Debug;
		};
		607FACF41AFB9204008FA782 /* Release */ = {
			isa = XCBuildConfiguration;
			baseConfigurationReference = C4CDACDB88A2BE0BBCA28002 /* Pods-FRadioPlayer_ios-FRadioPlayer_Tests.release.xcconfig */;
			buildSettings = {
				DEVELOPMENT_TEAM = 6G96AERJ7Q;
				FRAMEWORK_SEARCH_PATHS = (
					"$(SDKROOT)/Developer/Library/Frameworks",
					"$(inherited)",
				);
				INFOPLIST_FILE = Tests/Info.plist;
				LD_RUNPATH_SEARCH_PATHS = "$(inherited) @executable_path/Frameworks @loader_path/Frameworks";
				PRODUCT_BUNDLE_IDENTIFIER = "org.cocoapods.$(PRODUCT_NAME:rfc1034identifier)";
				PRODUCT_NAME = "$(TARGET_NAME)";
				SWIFT_VERSION = 5.0;
			};
			name = Release;
		};
		6521C890257D4CBA00E80317 /* Debug */ = {
			isa = XCBuildConfiguration;
			baseConfigurationReference = 2A8F19185E3807164EC6516A /* Pods-FRadioPlayer_SwiftUI.debug.xcconfig */;
			buildSettings = {
				ASSETCATALOG_COMPILER_APPICON_NAME = AppIcon;
				ASSETCATALOG_COMPILER_GLOBAL_ACCENT_COLOR_NAME = AccentColor;
				CLANG_ANALYZER_NONNULL = YES;
				CLANG_ANALYZER_NUMBER_OBJECT_CONVERSION = YES_AGGRESSIVE;
				CLANG_CXX_LANGUAGE_STANDARD = "gnu++14";
				CLANG_ENABLE_OBJC_WEAK = YES;
				CLANG_WARN_DOCUMENTATION_COMMENTS = YES;
				CLANG_WARN_QUOTED_INCLUDE_IN_FRAMEWORK_HEADER = YES;
				CLANG_WARN_UNGUARDED_AVAILABILITY = YES_AGGRESSIVE;
				CODE_SIGN_ENTITLEMENTS = FRadioPlayer_SwiftUI/FRadioPlayer_SwiftUI.entitlements;
				CODE_SIGN_STYLE = Automatic;
				DEBUG_INFORMATION_FORMAT = dwarf;
				DEVELOPMENT_ASSET_PATHS = "\"FRadioPlayer_SwiftUI/Preview Content\"";
				DEVELOPMENT_TEAM = 6G96AERJ7Q;
				ENABLE_PREVIEWS = YES;
				GCC_C_LANGUAGE_STANDARD = gnu11;
				INFOPLIST_FILE = FRadioPlayer_SwiftUI/Info.plist;
				IPHONEOS_DEPLOYMENT_TARGET = 14.0;
				LD_RUNPATH_SEARCH_PATHS = "$(inherited) @executable_path/Frameworks";
				MTL_ENABLE_DEBUG_INFO = INCLUDE_SOURCE;
				MTL_FAST_MATH = YES;
				PRODUCT_BUNDLE_IDENTIFIER = "com.azrockradio.FRadioPlayer-SwiftUI";
				PRODUCT_NAME = "$(TARGET_NAME)";
				SUPPORTS_MACCATALYST = YES;
				SWIFT_ACTIVE_COMPILATION_CONDITIONS = DEBUG;
				SWIFT_VERSION = 5.0;
				TARGETED_DEVICE_FAMILY = "1,2";
			};
			name = Debug;
		};
		6521C891257D4CBA00E80317 /* Release */ = {
			isa = XCBuildConfiguration;
			baseConfigurationReference = 741614D8D15537554278BF0D /* Pods-FRadioPlayer_SwiftUI.release.xcconfig */;
			buildSettings = {
				ASSETCATALOG_COMPILER_APPICON_NAME = AppIcon;
				ASSETCATALOG_COMPILER_GLOBAL_ACCENT_COLOR_NAME = AccentColor;
				CLANG_ANALYZER_NONNULL = YES;
				CLANG_ANALYZER_NUMBER_OBJECT_CONVERSION = YES_AGGRESSIVE;
				CLANG_CXX_LANGUAGE_STANDARD = "gnu++14";
				CLANG_ENABLE_OBJC_WEAK = YES;
				CLANG_WARN_DOCUMENTATION_COMMENTS = YES;
				CLANG_WARN_QUOTED_INCLUDE_IN_FRAMEWORK_HEADER = YES;
				CLANG_WARN_UNGUARDED_AVAILABILITY = YES_AGGRESSIVE;
				CODE_SIGN_ENTITLEMENTS = FRadioPlayer_SwiftUI/FRadioPlayer_SwiftUI.entitlements;
				CODE_SIGN_STYLE = Automatic;
				DEVELOPMENT_ASSET_PATHS = "\"FRadioPlayer_SwiftUI/Preview Content\"";
				DEVELOPMENT_TEAM = 6G96AERJ7Q;
				ENABLE_PREVIEWS = YES;
				GCC_C_LANGUAGE_STANDARD = gnu11;
				INFOPLIST_FILE = FRadioPlayer_SwiftUI/Info.plist;
				IPHONEOS_DEPLOYMENT_TARGET = 14.0;
				LD_RUNPATH_SEARCH_PATHS = "$(inherited) @executable_path/Frameworks";
				MTL_FAST_MATH = YES;
				PRODUCT_BUNDLE_IDENTIFIER = "com.azrockradio.FRadioPlayer-SwiftUI";
				PRODUCT_NAME = "$(TARGET_NAME)";
				SUPPORTS_MACCATALYST = YES;
				SWIFT_VERSION = 5.0;
				TARGETED_DEVICE_FAMILY = "1,2";
			};
			name = Release;
		};
		B8D0FE5A21B17D49005B64DF /* Debug */ = {
			isa = XCBuildConfiguration;
			baseConfigurationReference = DC11A056E5D4F1B69F9ABE88 /* Pods-FRadioPlayer_tvOS.debug.xcconfig */;
			buildSettings = {
				ASSETCATALOG_COMPILER_APPICON_NAME = "App Icon & Top Shelf Image";
				ASSETCATALOG_COMPILER_LAUNCHIMAGE_NAME = LaunchImage;
				CLANG_ANALYZER_NONNULL = YES;
				CLANG_ANALYZER_NUMBER_OBJECT_CONVERSION = YES_AGGRESSIVE;
				CLANG_CXX_LANGUAGE_STANDARD = "gnu++14";
				CLANG_ENABLE_OBJC_WEAK = YES;
				CLANG_WARN_DOCUMENTATION_COMMENTS = YES;
				CLANG_WARN_UNGUARDED_AVAILABILITY = YES_AGGRESSIVE;
				CODE_SIGN_STYLE = Automatic;
				DEBUG_INFORMATION_FORMAT = dwarf;
				DEVELOPMENT_TEAM = 6G96AERJ7Q;
				GCC_C_LANGUAGE_STANDARD = gnu11;
				INFOPLIST_FILE = FRadioPlayer_tvOS/Info.plist;
				LD_RUNPATH_SEARCH_PATHS = "$(inherited) @executable_path/Frameworks";
				MTL_ENABLE_DEBUG_INFO = INCLUDE_SOURCE;
				MTL_FAST_MATH = YES;
				PRODUCT_BUNDLE_IDENTIFIER = "com.fethica.FRadioPlayer-tvOS";
				PRODUCT_NAME = "$(TARGET_NAME)";
				SDKROOT = appletvos;
				SWIFT_ACTIVE_COMPILATION_CONDITIONS = DEBUG;
				SWIFT_VERSION = 4.2;
				TARGETED_DEVICE_FAMILY = 3;
				TVOS_DEPLOYMENT_TARGET = 12.1;
			};
			name = Debug;
		};
		B8D0FE5B21B17D49005B64DF /* Release */ = {
			isa = XCBuildConfiguration;
			baseConfigurationReference = 257B5148ADFF316304B18077 /* Pods-FRadioPlayer_tvOS.release.xcconfig */;
			buildSettings = {
				ASSETCATALOG_COMPILER_APPICON_NAME = "App Icon & Top Shelf Image";
				ASSETCATALOG_COMPILER_LAUNCHIMAGE_NAME = LaunchImage;
				CLANG_ANALYZER_NONNULL = YES;
				CLANG_ANALYZER_NUMBER_OBJECT_CONVERSION = YES_AGGRESSIVE;
				CLANG_CXX_LANGUAGE_STANDARD = "gnu++14";
				CLANG_ENABLE_OBJC_WEAK = YES;
				CLANG_WARN_DOCUMENTATION_COMMENTS = YES;
				CLANG_WARN_UNGUARDED_AVAILABILITY = YES_AGGRESSIVE;
				CODE_SIGN_STYLE = Automatic;
				DEVELOPMENT_TEAM = 6G96AERJ7Q;
				GCC_C_LANGUAGE_STANDARD = gnu11;
				INFOPLIST_FILE = FRadioPlayer_tvOS/Info.plist;
				LD_RUNPATH_SEARCH_PATHS = "$(inherited) @executable_path/Frameworks";
				MTL_FAST_MATH = YES;
				PRODUCT_BUNDLE_IDENTIFIER = "com.fethica.FRadioPlayer-tvOS";
				PRODUCT_NAME = "$(TARGET_NAME)";
				SDKROOT = appletvos;
				SWIFT_VERSION = 4.2;
				TARGETED_DEVICE_FAMILY = 3;
				TVOS_DEPLOYMENT_TARGET = 12.1;
			};
			name = Release;
		};
		FAE5E44B21AC6CD4003F96DB /* Debug */ = {
			isa = XCBuildConfiguration;
			baseConfigurationReference = BC2AE6470A4C0BE46711D9AF /* Pods-FRadioPlayer_mac.debug.xcconfig */;
			buildSettings = {
				ASSETCATALOG_COMPILER_APPICON_NAME = AppIcon;
				CLANG_ANALYZER_NONNULL = YES;
				CLANG_ANALYZER_NUMBER_OBJECT_CONVERSION = YES_AGGRESSIVE;
				CLANG_CXX_LANGUAGE_STANDARD = "gnu++14";
				CLANG_ENABLE_OBJC_WEAK = YES;
				CLANG_WARN_DOCUMENTATION_COMMENTS = YES;
				CLANG_WARN_UNGUARDED_AVAILABILITY = YES_AGGRESSIVE;
				CODE_SIGN_ENTITLEMENTS = FRadioPlayer_mac/FRadioPlayer_mac.entitlements;
				CODE_SIGN_IDENTITY = "-";
				CODE_SIGN_STYLE = Automatic;
				COMBINE_HIDPI_IMAGES = YES;
				DEBUG_INFORMATION_FORMAT = dwarf;
				DEVELOPMENT_TEAM = 6G96AERJ7Q;
				GCC_C_LANGUAGE_STANDARD = gnu11;
				INFOPLIST_FILE = FRadioPlayer_mac/Info.plist;
				LD_RUNPATH_SEARCH_PATHS = "$(inherited) @executable_path/../Frameworks";
				MACOSX_DEPLOYMENT_TARGET = 10.13;
				MTL_ENABLE_DEBUG_INFO = INCLUDE_SOURCE;
				MTL_FAST_MATH = YES;
				PRODUCT_BUNDLE_IDENTIFIER = "co.itbeaver.FRadioPlayer-mac";
				PRODUCT_NAME = "$(TARGET_NAME)";
				SDKROOT = macosx;
				SWIFT_ACTIVE_COMPILATION_CONDITIONS = DEBUG;
				SWIFT_VERSION = 4.2;
			};
			name = Debug;
		};
		FAE5E44C21AC6CD4003F96DB /* Release */ = {
			isa = XCBuildConfiguration;
			baseConfigurationReference = 10B578434A03FE51AE221D8A /* Pods-FRadioPlayer_mac.release.xcconfig */;
			buildSettings = {
				ASSETCATALOG_COMPILER_APPICON_NAME = AppIcon;
				CLANG_ANALYZER_NONNULL = YES;
				CLANG_ANALYZER_NUMBER_OBJECT_CONVERSION = YES_AGGRESSIVE;
				CLANG_CXX_LANGUAGE_STANDARD = "gnu++14";
				CLANG_ENABLE_OBJC_WEAK = YES;
				CLANG_WARN_DOCUMENTATION_COMMENTS = YES;
				CLANG_WARN_UNGUARDED_AVAILABILITY = YES_AGGRESSIVE;
				CODE_SIGN_ENTITLEMENTS = FRadioPlayer_mac/FRadioPlayer_mac.entitlements;
				CODE_SIGN_IDENTITY = "-";
				CODE_SIGN_STYLE = Automatic;
				COMBINE_HIDPI_IMAGES = YES;
				DEVELOPMENT_TEAM = 6G96AERJ7Q;
				GCC_C_LANGUAGE_STANDARD = gnu11;
				INFOPLIST_FILE = FRadioPlayer_mac/Info.plist;
				LD_RUNPATH_SEARCH_PATHS = "$(inherited) @executable_path/../Frameworks";
				MACOSX_DEPLOYMENT_TARGET = 10.13;
				MTL_FAST_MATH = YES;
				PRODUCT_BUNDLE_IDENTIFIER = "co.itbeaver.FRadioPlayer-mac";
				PRODUCT_NAME = "$(TARGET_NAME)";
				SDKROOT = macosx;
				SWIFT_VERSION = 4.2;
			};
			name = Release;
		};
/* End XCBuildConfiguration section */

/* Begin XCConfigurationList section */
		607FACCB1AFB9204008FA782 /* Build configuration list for PBXProject "FRadioPlayer" */ = {
			isa = XCConfigurationList;
			buildConfigurations = (
				607FACED1AFB9204008FA782 /* Debug */,
				607FACEE1AFB9204008FA782 /* Release */,
			);
			defaultConfigurationIsVisible = 0;
			defaultConfigurationName = Release;
		};
		607FACEF1AFB9204008FA782 /* Build configuration list for PBXNativeTarget "FRadioPlayer_ios" */ = {
			isa = XCConfigurationList;
			buildConfigurations = (
				607FACF01AFB9204008FA782 /* Debug */,
				607FACF11AFB9204008FA782 /* Release */,
			);
			defaultConfigurationIsVisible = 0;
			defaultConfigurationName = Release;
		};
		607FACF21AFB9204008FA782 /* Build configuration list for PBXNativeTarget "FRadioPlayer_Tests" */ = {
			isa = XCConfigurationList;
			buildConfigurations = (
				607FACF31AFB9204008FA782 /* Debug */,
				607FACF41AFB9204008FA782 /* Release */,
			);
			defaultConfigurationIsVisible = 0;
			defaultConfigurationName = Release;
		};
		6521C892257D4CBA00E80317 /* Build configuration list for PBXNativeTarget "FRadioPlayer_SwiftUI" */ = {
			isa = XCConfigurationList;
			buildConfigurations = (
				6521C890257D4CBA00E80317 /* Debug */,
				6521C891257D4CBA00E80317 /* Release */,
			);
			defaultConfigurationIsVisible = 0;
			defaultConfigurationName = Release;
		};
		B8D0FE5C21B17D49005B64DF /* Build configuration list for PBXNativeTarget "FRadioPlayer_tvOS" */ = {
			isa = XCConfigurationList;
			buildConfigurations = (
				B8D0FE5A21B17D49005B64DF /* Debug */,
				B8D0FE5B21B17D49005B64DF /* Release */,
			);
			defaultConfigurationIsVisible = 0;
			defaultConfigurationName = Release;
		};
		FAE5E44D21AC6CD4003F96DB /* Build configuration list for PBXNativeTarget "FRadioPlayer_mac" */ = {
			isa = XCConfigurationList;
			buildConfigurations = (
				FAE5E44B21AC6CD4003F96DB /* Debug */,
				FAE5E44C21AC6CD4003F96DB /* Release */,
			);
			defaultConfigurationIsVisible = 0;
			defaultConfigurationName = Release;
		};
/* End XCConfigurationList section */
	};
	rootObject = 607FACC81AFB9204008FA782 /* Project object */;
}
